
Microsoft Visual Studio Solution File, Format Version 12.00
# Visual Studio Version 17
VisualStudioVersion = 17.7.33808.371
MinimumVisualStudioVersion = 10.0.40219.1
Project("{9A19103F-16F7-4668-BE54-9A1E7A4F7556}") = "CloudMusicPlayer.API", "CloudMusicPlayer.API\CloudMusicPlayer.API.csproj", "{80522017-FC1C-4546-ADD8-0B03915BB654}"
EndProject
Project("{9A19103F-16F7-4668-BE54-9A1E7A4F7556}") = "CloudMusicPlayer.Core", "CloudMusicPlayer.Core\CloudMusicPlayer.Core.csproj", "{29B0AEFB-46B3-4A6A-9230-7A232DBE0529}"
EndProject
Project("{9A19103F-16F7-4668-BE54-9A1E7A4F7556}") = "CloudMusicPlayer.Infrastructure", "CloudMusicPlayer.Infrastructure\CloudMusicPlayer.Infrastructure.csproj", "{92983024-E127-45C7-B583-EF5EAA23DE75}"
EndProject
Project("{2150E333-8FDC-42A3-9474-1A3956D46DE8}") = "docker-compose", "docker-compose", "{EEA39D68-0CBD-416D-B290-784F8D86F6D1}"
	ProjectSection(SolutionItems) = preProject
		..\..\docker\docker-compose.yml = ..\..\docker\docker-compose.yml
	EndProjectSection
EndProject
Global
	GlobalSection(SolutionConfigurationPlatforms) = preSolution
		Debug|Any CPU = Debug|Any CPU
		Release|Any CPU = Release|Any CPU
	EndGlobalSection
	GlobalSection(ProjectConfigurationPlatforms) = postSolution
		{80522017-FC1C-4546-ADD8-0B03915BB654}.Debug|Any CPU.ActiveCfg = Debug|Any CPU
		{80522017-FC1C-4546-ADD8-0B03915BB654}.Debug|Any CPU.Build.0 = Debug|Any CPU
		{80522017-FC1C-4546-ADD8-0B03915BB654}.Release|Any CPU.ActiveCfg = Release|Any CPU
		{80522017-FC1C-4546-ADD8-0B03915BB654}.Release|Any CPU.Build.0 = Release|Any CPU
		{29B0AEFB-46B3-4A6A-9230-7A232DBE0529}.Debug|Any CPU.ActiveCfg = Debug|Any CPU
		{29B0AEFB-46B3-4A6A-9230-7A232DBE0529}.Debug|Any CPU.Build.0 = Debug|Any CPU
		{29B0AEFB-46B3-4A6A-9230-7A232DBE0529}.Release|Any CPU.ActiveCfg = Release|Any CPU
		{29B0AEFB-46B3-4A6A-9230-7A232DBE0529}.Release|Any CPU.Build.0 = Release|Any CPU
		{92983024-E127-45C7-B583-EF5EAA23DE75}.Debug|Any CPU.ActiveCfg = Debug|Any CPU
		{92983024-E127-45C7-B583-EF5EAA23DE75}.Debug|Any CPU.Build.0 = Debug|Any CPU
		{92983024-E127-45C7-B583-EF5EAA23DE75}.Release|Any CPU.ActiveCfg = Release|Any CPU
		{92983024-E127-45C7-B583-EF5EAA23DE75}.Release|Any CPU.Build.0 = Release|Any CPU
	EndGlobalSection
	GlobalSection(SolutionProperties) = preSolution
		HideSolutionNode = FALSE
	EndGlobalSection
	GlobalSection(ExtensibilityGlobals) = postSolution
		SolutionGuid = {544C7E58-BFC5-4591-B478-AAC872AFC564}
	EndGlobalSection
EndGlobal
